{
  "name": "node-red-contrib-ne-logs",
  "version": "1.0.0",
  "lockfileVersion": 1,
  "requires": true,
  "dependencies": {
    "node-red-node-stomp": {
      "version": "0.0.10",
      "resolved": "https://registry.npmjs.org/node-red-node-stomp/-/node-red-node-stomp-0.0.10.tgz",
      "integrity": "sha1-aq4nf9rci/BEaVtdPnsyuZ3M/iM=",
      "requires": {
        "stomp-client": "0.8.1"
      }
    },
    "stomp-client": {
      "version": "0.8.1",
      "resolved": "https://registry.npmjs.org/stomp-client/-/stomp-client-0.8.1.tgz",
      "integrity": "sha1-l3eKxAo250h5dMgsnde3R7nd4Hs="
    }
  }
}
